// !$*UTF8*$!
{
	archiveVersion = 1;
	classes = {
	};
	objectVersion = 77;
	objects = {

/* Begin PBXBuildFile section */
		2B2729B72ED3B286006FA60E /* FirebaseAnalytics in Frameworks */ = {isa = PBXBuildFile; productRef = 2B2729B62ED3B286006FA60E /* FirebaseAnalytics */; };
		2B2729B92ED3B286006FA60E /* FirebaseAuth in Frameworks */ = {isa = PBXBuildFile; productRef = 2B2729B82ED3B286006FA60E /* FirebaseAuth */; };
		2B2729BB2ED3B286006FA60E /* FirebaseCrashlytics in Frameworks */ = {isa = PBXBuildFile; productRef = 2B2729BA2ED3B286006FA60E /* FirebaseCrashlytics */; };
		2B2729BD2ED3B286006FA60E /* FirebaseFirestore in Frameworks */ = {isa = PBXBuildFile; productRef = 2B2729BC2ED3B286006FA60E /* FirebaseFirestore */; };
		2B2729BF2ED3B286006FA60E /* FirebaseMessaging in Frameworks */ = {isa = PBXBuildFile; productRef = 2B2729BE2ED3B286006FA60E /* FirebaseMessaging */; };
		2B2729C12ED3B4A6006FA60E /* GoogleService-Info.plist in Resources */ = {isa = PBXBuildFile; fileRef = 2B2729C02ED3B4A6006FA60E /* GoogleService-Info.plist */; };
/* End PBXBuildFile section */

/* Begin PBXContainerItemProxy section */
		2B27292B2ED39AEC006FA60E /* PBXContainerItemProxy */ = {
			isa = PBXContainerItemProxy;
			containerPortal = 2B2729132ED39AEA006FA60E /* Project object */;
			proxyType = 1;
			remoteGlobalIDString = 2B27291A2ED39AEA006FA60E;
			remoteInfo = "The Social Deck";
		};
		2B2729352ED39AEC006FA60E /* PBXContainerItemProxy */ = {
			isa = PBXContainerItemProxy;
			containerPortal = 2B2729132ED39AEA006FA60E /* Project object */;
			proxyType = 1;
			remoteGlobalIDString = 2B27291A2ED39AEA006FA60E;
			remoteInfo = "The Social Deck";
		};
/* End PBXContainerItemProxy section */

/* Begin PBXFileReference section */
		2B27291B2ED39AEA006FA60E /* The Social Deck.app */ = {isa = PBXFileReference; explicitFileType = wrapper.application; includeInIndex = 0; path = "The Social Deck.app"; sourceTree = BUILT_PRODUCTS_DIR; };
		2B27292A2ED39AEC006FA60E /* The Social DeckTests.xctest */ = {isa = PBXFileReference; explicitFileType = wrapper.cfbundle; includeInIndex = 0; path = "The Social DeckTests.xctest"; sourceTree = BUILT_PRODUCTS_DIR; };
		2B2729342ED39AEC006FA60E /* The Social DeckUITests.xctest */ = {isa = PBXFileReference; explicitFileType = wrapper.cfbundle; includeInIndex = 0; path = "The Social DeckUITests.xctest"; sourceTree = BUILT_PRODUCTS_DIR; };
		2B2729C02ED3B4A6006FA60E /* GoogleService-Info.plist */ = {isa = PBXFileReference; lastKnownFileType = text.plist.xml; path = "GoogleService-Info.plist"; sourceTree = "<group>"; };
/* End PBXFileReference section */

/* Begin PBXFileSystemSynchronizedRootGroup section */
		2B27291D2ED39AEA006FA60E /* The Social Deck */ = {
			isa = PBXFileSystemSynchronizedRootGroup;
			path = "The Social Deck";
			sourceTree = "<group>";
		};
		2B27292D2ED39AEC006FA60E /* The Social DeckTests */ = {
			isa = PBXFileSystemSynchronizedRootGroup;
			path = "The Social DeckTests";
			sourceTree = "<group>";
		};
		2B2729372ED39AEC006FA60E /* The Social DeckUITests */ = {
			isa = PBXFileSystemSynchronizedRootGroup;
			path = "The Social DeckUITests";
			sourceTree = "<group>";
		};
/* End PBXFileSystemSynchronizedRootGroup section */

/* Begin PBXFrameworksBuildPhase section */
		2B2729182ED39AEA006FA60E /* Frameworks */ = {
			isa = PBXFrameworksBuildPhase;
			buildActionMask = 2147483647;
			files = (
				2B2729BB2ED3B286006FA60E /* FirebaseCrashlytics in Frameworks */,
				2B2729BD2ED3B286006FA60E /* FirebaseFirestore in Frameworks */,
				2B2729BF2ED3B286006FA60E /* FirebaseMessaging in Frameworks */,
				2B2729B72ED3B286006FA60E /* FirebaseAnalytics in Frameworks */,
				2B2729B92ED3B286006FA60E /* FirebaseAuth in Frameworks */,
			);
			runOnlyForDeploymentPostprocessing = 0;
		};
		2B2729272ED39AEC006FA60E /* Frameworks */ = {
			isa = PBXFrameworksBuildPhase;
			buildActionMask = 2147483647;
			files = (
			);
			runOnlyForDeploymentPostprocessing = 0;
		};
		2B2729312ED39AEC006FA60E /* Frameworks */ = {
			isa = PBXFrameworksBuildPhase;
			buildActionMask = 2147483647;
			files = (
			);
			runOnlyForDeploymentPostprocessing = 0;
		};
/* End PBXFrameworksBuildPhase section */

/* Begin PBXGroup section */
		2B2729122ED39AEA006FA60E = {
			isa = PBXGroup;
			children = (
				2B27291D2ED39AEA006FA60E /* The Social Deck */,
				2B27292D2ED39AEC006FA60E /* The Social DeckTests */,
				2B2729372ED39AEC006FA60E /* The Social DeckUITests */,
				2B27291C2ED39AEA006FA60E /* Products */,
				2B2729C02ED3B4A6006FA60E /* GoogleService-Info.plist */,
			);
			sourceTree = "<group>";
		};
		2B27291C2ED39AEA006FA60E /* Products */ = {
			isa = PBXGroup;
			children = (
				2B27291B2ED39AEA006FA60E /* The Social Deck.app */,
				2B27292A2ED39AEC006FA60E /* The Social DeckTests.xctest */,
				2B2729342ED39AEC006FA60E /* The Social DeckUITests.xctest */,
			);
			name = Products;
			sourceTree = "<group>";
		};
/* End PBXGroup section */

/* Begin PBXNativeTarget section */
		2B27291A2ED39AEA006FA60E /* The Social Deck */ = {
			isa = PBXNativeTarget;
			buildConfigurationList = 2B27293E2ED39AEC006FA60E /* Build configuration list for PBXNativeTarget "The Social Deck" */;
			buildPhases = (
				2B2729172ED39AEA006FA60E /* Sources */,
				2B2729182ED39AEA006FA60E /* Frameworks */,
				2B2729192ED39AEA006FA60E /* Resources */,
			);
			buildRules = (
			);
			dependencies = (
			);
			fileSystemSynchronizedGroups = (
				2B27291D2ED39AEA006FA60E /* The Social Deck */,
			);
			name = "The Social Deck";
			packageProductDependencies = (
				2B2729B62ED3B286006FA60E /* FirebaseAnalytics */,
				2B2729B82ED3B286006FA60E /* FirebaseAuth */,
				2B2729BA2ED3B286006FA60E /* FirebaseCrashlytics */,
				2B2729BC2ED3B286006FA60E /* FirebaseFirestore */,
				2B2729BE2ED3B286006FA60E /* FirebaseMessaging */,
			);
			productName = "The Social Deck";
			productReference = 2B27291B2ED39AEA006FA60E /* The Social Deck.app */;
			productType = "com.apple.product-type.application";
		};
		2B2729292ED39AEC006FA60E /* The Social DeckTests */ = {
			isa = PBXNativeTarget;
			buildConfigurationList = 2B2729412ED39AEC006FA60E /* Build configuration list for PBXNativeTarget "The Social DeckTests" */;
			buildPhases = (
				2B2729262ED39AEC006FA60E /* Sources */,
				2B2729272ED39AEC006FA60E /* Frameworks */,
				2B2729282ED39AEC006FA60E /* Resources */,
			);
			buildRules = (
			);
			dependencies = (
				2B27292C2ED39AEC006FA60E /* PBXTargetDependency */,
			);
			fileSystemSynchronizedGroups = (
				2B27292D2ED39AEC006FA60E /* The Social DeckTests */,
			);
			name = "The Social DeckTests";
			packageProductDependencies = (
			);
			productName = "The Social DeckTests";
			productReference = 2B27292A2ED39AEC006FA60E /* The Social DeckTests.xctest */;
			productType = "com.apple.product-type.bundle.unit-test";
		};
		2B2729332ED39AEC006FA60E /* The Social DeckUITests */ = {
			isa = PBXNativeTarget;
			buildConfigurationList = 2B2729442ED39AEC006FA60E /* Build configuration list for PBXNativeTarget "The Social DeckUITests" */;
			buildPhases = (
				2B2729302ED39AEC006FA60E /* Sources */,
				2B2729312ED39AEC006FA60E /* Frameworks */,
				2B2729322ED39AEC006FA60E /* Resources */,
			);
			buildRules = (
			);
			dependencies = (
				2B2729362ED39AEC006FA60E /* PBXTargetDependency */,
			);
			fileSystemSynchronizedGroups = (
				2B2729372ED39AEC006FA60E /* The Social DeckUITests */,
			);
			name = "The Social DeckUITests";
			packageProductDependencies = (
			);
			productName = "The Social DeckUITests";
			productReference = 2B2729342ED39AEC006FA60E /* The Social DeckUITests.xctest */;
			productType = "com.apple.product-type.bundle.ui-testing";
		};
/* End PBXNativeTarget section */

/* Begin PBXProject section */
		2B2729132ED39AEA006FA60E /* Project object */ = {
			isa = PBXProject;
			attributes = {
				BuildIndependentTargetsInParallel = 1;
				LastSwiftUpdateCheck = 1640;
				LastUpgradeCheck = 1640;
				TargetAttributes = {
					2B27291A2ED39AEA006FA60E = {
						CreatedOnToolsVersion = 16.4;
					};
					2B2729292ED39AEC006FA60E = {
						CreatedOnToolsVersion = 16.4;
						TestTargetID = 2B27291A2ED39AEA006FA60E;
					};
					2B2729332ED39AEC006FA60E = {
						CreatedOnToolsVersion = 16.4;
						TestTargetID = 2B27291A2ED39AEA006FA60E;
					};
				};
			};
			buildConfigurationList = 2B2729162ED39AEA006FA60E /* Build configuration list for PBXProject "The Social Deck" */;
			developmentRegion = en;
			hasScannedForEncodings = 0;
			knownRegions = (
				en,
				Base,
			);
			mainGroup = 2B2729122ED39AEA006FA60E;
			minimizedProjectReferenceProxies = 1;
			packageReferences = (
				2B2729B52ED3B286006FA60E /* XCRemoteSwiftPackageReference "firebase-ios-sdk" */,
			);
			preferredProjectObjectVersion = 77;
			productRefGroup = 2B27291C2ED39AEA006FA60E /* Products */;
			projectDirPath = "";
			projectRoot = "";
			targets = (
				2B27291A2ED39AEA006FA60E /* The Social Deck */,
				2B2729292ED39AEC006FA60E /* The Social DeckTests */,
				2B2729332ED39AEC006FA60E /* The Social DeckUITests */,
			);
		};
/* End PBXProject section */

/* Begin PBXResourcesBuildPhase section */
		2B2729192ED39AEA006FA60E /* Resources */ = {
			isa = PBXResourcesBuildPhase;
			buildActionMask = 2147483647;
			files = (
				2B2729C12ED3B4A6006FA60E /* GoogleService-Info.plist in Resources */,
			);
			runOnlyForDeploymentPostprocessing = 0;
		};
		2B2729282ED39AEC006FA60E /* Resources */ = {
			isa = PBXResourcesBuildPhase;
			buildActionMask = 2147483647;
			files = (
			);
			runOnlyForDeploymentPostprocessing = 0;
		};
		2B2729322ED39AEC006FA60E /* Resources */ = {
			isa = PBXResourcesBuildPhase;
			buildActionMask = 2147483647;
			files = (
			);
			runOnlyForDeploymentPostprocessing = 0;
		};
/* End PBXResourcesBuildPhase section */

/* Begin PBXSourcesBuildPhase section */
		2B2729172ED39AEA006FA60E /* Sources */ = {
			isa = PBXSourcesBuildPhase;
			buildActionMask = 2147483647;
			files = (
			);
			runOnlyForDeploymentPostprocessing = 0;
		};
		2B2729262ED39AEC006FA60E /* Sources */ = {
			isa = PBXSourcesBuildPhase;
			buildActionMask = 2147483647;
			files = (
			);
			runOnlyForDeploymentPostprocessing = 0;
		};
		2B2729302ED39AEC006FA60E /* Sources */ = {
			isa = PBXSourcesBuildPhase;
			buildActionMask = 2147483647;
			files = (
			);
			runOnlyForDeploymentPostprocessing = 0;
		};
/* End PBXSourcesBuildPhase section */

/* Begin PBXTargetDependency section */
		2B27292C2ED39AEC006FA60E /* PBXTargetDependency */ = {
			isa = PBXTargetDependency;
			target = 2B27291A2ED39AEA006FA60E /* The Social Deck */;
			targetProxy = 2B27292B2ED39AEC006FA60E /* PBXContainerItemProxy */;
		};
		2B2729362ED39AEC006FA60E /* PBXTargetDependency */ = {
			isa = PBXTargetDependency;
			target = 2B27291A2ED39AEA006FA60E /* The Social Deck */;
			targetProxy = 2B2729352ED39AEC006FA60E /* PBXContainerItemProxy */;
		};
/* End PBXTargetDependency section */

/* Begin XCBuildConfiguration section */
		2B27293C2ED39AEC006FA60E /* Debug */ = {
			isa = XCBuildConfiguration;
			buildSettings = {
				ALWAYS_SEARCH_USER_PATHS = NO;
				ASSETCATALOG_COMPILER_GENERATE_SWIFT_ASSET_SYMBOL_EXTENSIONS = YES;
				CLANG_ANALYZER_NONNULL = YES;
				CLANG_ANALYZER_NUMBER_OBJECT_CONVERSION = YES_AGGRESSIVE;
				CLANG_CXX_LANGUAGE_STANDARD = "gnu++20";
				CLANG_ENABLE_MODULES = YES;
				CLANG_ENABLE_OBJC_ARC = YES;
				CLANG_ENABLE_OBJC_WEAK = YES;
				CLANG_WARN_BLOCK_CAPTURE_AUTORELEASING = YES;
				CLANG_WARN_BOOL_CONVERSION = YES;
				CLANG_WARN_COMMA = YES;
				CLANG_WARN_CONSTANT_CONVERSION = YES;
				CLANG_WARN_DEPRECATED_OBJC_IMPLEMENTATIONS = YES;
				CLANG_WARN_DIRECT_OBJC_ISA_USAGE = YES_ERROR;
				CLANG_WARN_DOCUMENTATION_COMMENTS = YES;
				CLANG_WARN_EMPTY_BODY = YES;
				CLANG_WARN_ENUM_CONVERSION = YES;
				CLANG_WARN_INFINITE_RECURSION = YES;
				CLANG_WARN_INT_CONVERSION = YES;
				CLANG_WARN_NON_LITERAL_NULL_CONVERSION = YES;
				CLANG_WARN_OBJC_IMPLICIT_RETAIN_SELF = YES;
				CLANG_WARN_OBJC_LITERAL_CONVERSION = YES;
				CLANG_WARN_OBJC_ROOT_CLASS = YES_ERROR;
				CLANG_WARN_QUOTED_INCLUDE_IN_FRAMEWORK_HEADER = YES;
				CLANG_WARN_RANGE_LOOP_ANALYSIS = YES;
				CLANG_WARN_STRICT_PROTOTYPES = YES;
				CLANG_WARN_SUSPICIOUS_MOVE = YES;
				CLANG_WARN_UNGUARDED_AVAILABILITY = YES_AGGRESSIVE;
				CLANG_WARN_UNREACHABLE_CODE = YES;
				CLANG_WARN__DUPLICATE_METHOD_MATCH = YES;
				COPY_PHASE_STRIP = NO;
				DEBUG_INFORMATION_FORMAT = dwarf;
				DEVELOPMENT_TEAM = 92WLTY8S42;
				ENABLE_STRICT_OBJC_MSGSEND = YES;
				ENABLE_TESTABILITY = YES;
				ENABLE_USER_SCRIPT_SANDBOXING = YES;
				GCC_C_LANGUAGE_STANDARD = gnu17;
				GCC_DYNAMIC_NO_PIC = NO;
				GCC_NO_COMMON_BLOCKS = YES;
				GCC_OPTIMIZATION_LEVEL = 0;
				GCC_PREPROCESSOR_DEFINITIONS = (
					"DEBUG=1",
					"$(inherited)",
				);
				GCC_WARN_64_TO_32_BIT_CONVERSION = YES;
				GCC_WARN_ABOUT_RETURN_TYPE = YES_ERROR;
				GCC_WARN_UNDECLARED_SELECTOR = YES;
				GCC_WARN_UNINITIALIZED_AUTOS = YES_AGGRESSIVE;
				GCC_WARN_UNUSED_FUNCTION = YES;
				GCC_WARN_UNUSED_VARIABLE = YES;
				IPHONEOS_DEPLOYMENT_TARGET = 18.5;
				LOCALIZATION_PREFERS_STRING_CATALOGS = YES;
				MTL_ENABLE_DEBUG_INFO = INCLUDE_SOURCE;
				MTL_FAST_MATH = YES;
				ONLY_ACTIVE_ARCH = YES;
				SDKROOT = iphoneos;
				SWIFT_ACTIVE_COMPILATION_CONDITIONS = "DEBUG $(inherited)";
				SWIFT_OPTIMIZATION_LEVEL = "-Onone";
			};
			name = Debug;
		};
		2B27293D2ED39AEC006FA60E /* Release */ = {
			isa = XCBuildConfiguration;
			buildSettings = {
				ALWAYS_SEARCH_USER_PATHS = NO;
				ASSETCATALOG_COMPILER_GENERATE_SWIFT_ASSET_SYMBOL_EXTENSIONS = YES;
				CLANG_ANALYZER_NONNULL = YES;
				CLANG_ANALYZER_NUMBER_OBJECT_CONVERSION = YES_AGGRESSIVE;
				CLANG_CXX_LANGUAGE_STANDARD = "gnu++20";
				CLANG_ENABLE_MODULES = YES;
				CLANG_ENABLE_OBJC_ARC = YES;
				CLANG_ENABLE_OBJC_WEAK = YES;
				CLANG_WARN_BLOCK_CAPTURE_AUTORELEASING = YES;
				CLANG_WARN_BOOL_CONVERSION = YES;
				CLANG_WARN_COMMA = YES;
				CLANG_WARN_CONSTANT_CONVERSION = YES;
				CLANG_WARN_DEPRECATED_OBJC_IMPLEMENTATIONS = YES;
				CLANG_WARN_DIRECT_OBJC_ISA_USAGE = YES_ERROR;
				CLANG_WARN_DOCUMENTATION_COMMENTS = YES;
				CLANG_WARN_EMPTY_BODY = YES;
				CLANG_WARN_ENUM_CONVERSION = YES;
				CLANG_WARN_INFINITE_RECURSION = YES;
				CLANG_WARN_INT_CONVERSION = YES;
				CLANG_WARN_NON_LITERAL_NULL_CONVERSION = YES;
				CLANG_WARN_OBJC_IMPLICIT_RETAIN_SELF = YES;
				CLANG_WARN_OBJC_LITERAL_CONVERSION = YES;
				CLANG_WARN_OBJC_ROOT_CLASS = YES_ERROR;
				CLANG_WARN_QUOTED_INCLUDE_IN_FRAMEWORK_HEADER = YES;
				CLANG_WARN_RANGE_LOOP_ANALYSIS = YES;
				CLANG_WARN_STRICT_PROTOTYPES = YES;
				CLANG_WARN_SUSPICIOUS_MOVE = YES;
				CLANG_WARN_UNGUARDED_AVAILABILITY = YES_AGGRESSIVE;
				CLANG_WARN_UNREACHABLE_CODE = YES;
				CLANG_WARN__DUPLICATE_METHOD_MATCH = YES;
				COPY_PHASE_STRIP = NO;
				DEBUG_INFORMATION_FORMAT = "dwarf-with-dsym";
				DEVELOPMENT_TEAM = 92WLTY8S42;
				ENABLE_NS_ASSERTIONS = NO;
				ENABLE_STRICT_OBJC_MSGSEND = YES;
				ENABLE_USER_SCRIPT_SANDBOXING = YES;
				GCC_C_LANGUAGE_STANDARD = gnu17;
				GCC_NO_COMMON_BLOCKS = YES;
				GCC_WARN_64_TO_32_BIT_CONVERSION = YES;
				GCC_WARN_ABOUT_RETURN_TYPE = YES_ERROR;
				GCC_WARN_UNDECLARED_SELECTOR = YES;
				GCC_WARN_UNINITIALIZED_AUTOS = YES_AGGRESSIVE;
				GCC_WARN_UNUSED_FUNCTION = YES;
				GCC_WARN_UNUSED_VARIABLE = YES;
				IPHONEOS_DEPLOYMENT_TARGET = 18.5;
				LOCALIZATION_PREFERS_STRING_CATALOGS = YES;
				MTL_ENABLE_DEBUG_INFO = NO;
				MTL_FAST_MATH = YES;
				SDKROOT = iphoneos;
				SWIFT_COMPILATION_MODE = wholemodule;
				VALIDATE_PRODUCT = YES;
			};
			name = Release;
		};
		2B27293F2ED39AEC006FA60E /* Debug */ = {
			isa = XCBuildConfiguration;
			buildSettings = {
				ASSETCATALOG_COMPILER_APPICON_NAME = AppIcon;
				ASSETCATALOG_COMPILER_GLOBAL_ACCENT_COLOR_NAME = AccentColor;
				CODE_SIGN_STYLE = Automatic;
				CURRENT_PROJECT_VERSION = 1;
				DEVELOPMENT_TEAM = 92WLTY8S42;
				ENABLE_PREVIEWS = YES;
				GENERATE_INFOPLIST_FILE = YES;
				INFOPLIST_KEY_CFBundleDisplayName = TheSocialDeck;
				INFOPLIST_KEY_LSApplicationCategoryType = "public.app-category.card-games";
				INFOPLIST_KEY_UIApplicationSceneManifest_Generation = YES;
				INFOPLIST_KEY_UIApplicationSupportsIndirectInputEvents = YES;
				INFOPLIST_KEY_UILaunchScreen_Generation = YES;
				INFOPLIST_KEY_UISupportedInterfaceOrientations = UIInterfaceOrientationPortrait;
				LD_RUNPATH_SEARCH_PATHS = (
					"$(inherited)",
					"@executable_path/Frameworks",
				);
				MARKETING_VERSION = 1.0;
				PRODUCT_BUNDLE_IDENTIFIER = com.fumanest.thesocialdeck;
				PRODUCT_NAME = "$(TARGET_NAME)";
				SUPPORTED_PLATFORMS = "iphoneos iphonesimulator";
				SUPPORTS_MACCATALYST = NO;
				SUPPORTS_MAC_DESIGNED_FOR_IPHONE_IPAD = NO;
				SUPPORTS_XR_DESIGNED_FOR_IPHONE_IPAD = NO;
				SWIFT_EMIT_LOC_STRINGS = YES;
				SWIFT_VERSION = 5.0;
				TARGETED_DEVICE_FAMILY = "1,2";
			};
			name = Debug;
		};
		2B2729402ED39AEC006FA60E /* Release */ = {
			isa = XCBuildConfiguration;
			buildSettings = {
				ASSETCATALOG_COMPILER_APPICON_NAME = AppIcon;
				ASSETCATALOG_COMPILER_GLOBAL_ACCENT_COLOR_NAME = AccentColor;
				CODE_SIGN_STYLE = Automatic;
				CURRENT_PROJECT_VERSION = 1;
				DEVELOPMENT_TEAM = 92WLTY8S42;
				ENABLE_PREVIEWS = YES;
				GENERATE_INFOPLIST_FILE = YES;
				INFOPLIST_KEY_CFBundleDisplayName = TheSocialDeck;
				INFOPLIST_KEY_LSApplicationCategoryType = "public.app-category.card-games";
				INFOPLIST_KEY_UIApplicationSceneManifest_Generation = YES;
				INFOPLIST_KEY_UIApplicationSupportsIndirectInputEvents = YES;
				INFOPLIST_KEY_UILaunchScreen_Generation = YES;
				INFOPLIST_KEY_UISupportedInterfaceOrientations = UIInterfaceOrientationPortrait;
				LD_RUNPATH_SEARCH_PATHS = (
					"$(inherited)",
					"@executable_path/Frameworks",
				);
				MARKETING_VERSION = 1.0;
				PRODUCT_BUNDLE_IDENTIFIER = com.fumanest.thesocialdeck;
				PRODUCT_NAME = "$(TARGET_NAME)";
				SUPPORTED_PLATFORMS = "iphoneos iphonesimulator";
				SUPPORTS_MACCATALYST = NO;
				SUPPORTS_MAC_DESIGNED_FOR_IPHONE_IPAD = NO;
				SUPPORTS_XR_DESIGNED_FOR_IPHONE_IPAD = NO;
				SWIFT_EMIT_LOC_STRINGS = YES;
				SWIFT_VERSION = 5.0;
				TARGETED_DEVICE_FAMILY = "1,2";
			};
			name = Release;
		};
		2B2729422ED39AEC006FA60E /* Debug */ = {
			isa = XCBuildConfiguration;
			buildSettings = {
				BUNDLE_LOADER = "$(TEST_HOST)";
				CODE_SIGN_STYLE = Automatic;
				CURRENT_PROJECT_VERSION = 1;
				DEVELOPMENT_TEAM = 92WLTY8S42;
				GENERATE_INFOPLIST_FILE = YES;
				IPHONEOS_DEPLOYMENT_TARGET = 18.5;
				MARKETING_VERSION = 1.0;
				PRODUCT_BUNDLE_IDENTIFIER = "com.fumanest.thesocialdeck.The-Social-DeckTests";
				PRODUCT_NAME = "$(TARGET_NAME)";
				SWIFT_EMIT_LOC_STRINGS = NO;
				SWIFT_VERSION = 5.0;
				TARGETED_DEVICE_FAMILY = "1,2";
				TEST_HOST = "$(BUILT_PRODUCTS_DIR)/The Social Deck.app/$(BUNDLE_EXECUTABLE_FOLDER_PATH)/The Social Deck";
			};
			name = Debug;
		};
		2B2729432ED39AEC006FA60E /* Release */ = {
			isa = XCBuildConfiguration;
			buildSettings = {
				BUNDLE_LOADER = "$(TEST_HOST)";
				CODE_SIGN_STYLE = Automatic;
				CURRENT_PROJECT_VERSION = 1;
				DEVELOPMENT_TEAM = 92WLTY8S42;
				GENERATE_INFOPLIST_FILE = YES;
				IPHONEOS_DEPLOYMENT_TARGET = 18.5;
				MARKETING_VERSION = 1.0;
				PRODUCT_BUNDLE_IDENTIFIER = "com.fumanest.thesocialdeck.The-Social-DeckTests";
				PRODUCT_NAME = "$(TARGET_NAME)";
				SWIFT_EMIT_LOC_STRINGS = NO;
				SWIFT_VERSION = 5.0;
				TARGETED_DEVICE_FAMILY = "1,2";
				TEST_HOST = "$(BUILT_PRODUCTS_DIR)/The Social Deck.app/$(BUNDLE_EXECUTABLE_FOLDER_PATH)/The Social Deck";
			};
			name = Release;
		};
		2B2729452ED39AEC006FA60E /* Debug */ = {
			isa = XCBuildConfiguration;
			buildSettings = {
				CODE_SIGN_STYLE = Automatic;
				CURRENT_PROJECT_VERSION = 1;
				DEVELOPMENT_TEAM = 92WLTY8S42;
				GENERATE_INFOPLIST_FILE = YES;
				MARKETING_VERSION = 1.0;
				PRODUCT_BUNDLE_IDENTIFIER = "com.fumanest.thesocialdeck.The-Social-DeckUITests";
				PRODUCT_NAME = "$(TARGET_NAME)";
				SWIFT_EMIT_LOC_STRINGS = NO;
				SWIFT_VERSION = 5.0;
				TARGETED_DEVICE_FAMILY = "1,2";
				TEST_TARGET_NAME = "The Social Deck";
			};
			name = Debug;
		};
		2B2729462ED39AEC006FA60E /* Release */ = {
			isa = XCBuildConfiguration;
			buildSettings = {
				CODE_SIGN_STYLE = Automatic;
				CURRENT_PROJECT_VERSION = 1;
				DEVELOPMENT_TEAM = 92WLTY8S42;
				GENERATE_INFOPLIST_FILE = YES;
				MARKETING_VERSION = 1.0;
				PRODUCT_BUNDLE_IDENTIFIER = "com.fumanest.thesocialdeck.The-Social-DeckUITests";
				PRODUCT_NAME = "$(TARGET_NAME)";
				SWIFT_EMIT_LOC_STRINGS = NO;
				SWIFT_VERSION = 5.0;
				TARGETED_DEVICE_FAMILY = "1,2";
				TEST_TARGET_NAME = "The Social Deck";
			};
			name = Release;
		};
/* End XCBuildConfiguration section */

/* Begin XCConfigurationList section */
		2B2729162ED39AEA006FA60E /* Build configuration list for PBXProject "The Social Deck" */ = {
			isa = XCConfigurationList;
			buildConfigurations = (
				2B27293C2ED39AEC006FA60E /* Debug */,
				2B27293D2ED39AEC006FA60E /* Release */,
			);
			defaultConfigurationIsVisible = 0;
			defaultConfigurationName = Release;
		};
		2B27293E2ED39AEC006FA60E /* Build configuration list for PBXNativeTarget "The Social Deck" */ = {
			isa = XCConfigurationList;
			buildConfigurations = (
				2B27293F2ED39AEC006FA60E /* Debug */,
				2B2729402ED39AEC006FA60E /* Release */,
			);
			defaultConfigurationIsVisible = 0;
			defaultConfigurationName = Release;
		};
		2B2729412ED39AEC006FA60E /* Build configuration list for PBXNativeTarget "The Social DeckTests" */ = {
			isa = XCConfigurationList;
			buildConfigurations = (
				2B2729422ED39AEC006FA60E /* Debug */,
				2B2729432ED39AEC006FA60E /* Release */,
			);
			defaultConfigurationIsVisible = 0;
			defaultConfigurationName = Release;
		};
		2B2729442ED39AEC006FA60E /* Build configuration list for PBXNativeTarget "The Social DeckUITests" */ = {
			isa = XCConfigurationList;
			buildConfigurations = (
				2B2729452ED39AEC006FA60E /* Debug */,
				2B2729462ED39AEC006FA60E /* Release */,
			);
			defaultConfigurationIsVisible = 0;
			defaultConfigurationName = Release;
		};
/* End XCConfigurationList section */

/* Begin XCRemoteSwiftPackageReference section */
		2B2729B52ED3B286006FA60E /* XCRemoteSwiftPackageReference "firebase-ios-sdk" */ = {
			isa = XCRemoteSwiftPackageReference;
			repositoryURL = "https://github.com/firebase/firebase-ios-sdk";
			requirement = {
				kind = upToNextMajorVersion;
				minimumVersion = 12.6.0;
			};
		};
/* End XCRemoteSwiftPackageReference section */

/* Begin XCSwiftPackageProductDependency section */
		2B2729B62ED3B286006FA60E /* FirebaseAnalytics */ = {
			isa = XCSwiftPackageProductDependency;
			package = 2B2729B52ED3B286006FA60E /* XCRemoteSwiftPackageReference "firebase-ios-sdk" */;
			productName = FirebaseAnalytics;
		};
		2B2729B82ED3B286006FA60E /* FirebaseAuth */ = {
			isa = XCSwiftPackageProductDependency;
			package = 2B2729B52ED3B286006FA60E /* XCRemoteSwiftPackageReference "firebase-ios-sdk" */;
			productName = FirebaseAuth;
		};
		2B2729BA2ED3B286006FA60E /* FirebaseCrashlytics */ = {
			isa = XCSwiftPackageProductDependency;
			package = 2B2729B52ED3B286006FA60E /* XCRemoteSwiftPackageReference "firebase-ios-sdk" */;
			productName = FirebaseCrashlytics;
		};
		2B2729BC2ED3B286006FA60E /* FirebaseFirestore */ = {
			isa = XCSwiftPackageProductDependency;
			package = 2B2729B52ED3B286006FA60E /* XCRemoteSwiftPackageReference "firebase-ios-sdk" */;
			productName = FirebaseFirestore;
		};
		2B2729BE2ED3B286006FA60E /* FirebaseMessaging */ = {
			isa = XCSwiftPackageProductDependency;
			package = 2B2729B52ED3B286006FA60E /* XCRemoteSwiftPackageReference "firebase-ios-sdk" */;
			productName = FirebaseMessaging;
		};
/* End XCSwiftPackageProductDependency section */
	};
	rootObject = 2B2729132ED39AEA006FA60E /* Project object */;
}
